
Microsoft Visual Studio Solution File, Format Version 12.00
# Visual Studio 15
VisualStudioVersion = 15.0.28010.2046
MinimumVisualStudioVersion = 10.0.40219.1
Project("{FAE04EC0-301F-11D3-BF4B-00C04F79EFBC}") = "PacManConsole", "PacManConsole\PacManConsole.csproj", "{B595F7D8-C00D-467D-9A2C-68E03FCDF73D}"
EndProject
Project("{FAE04EC0-301F-11D3-BF4B-00C04F79EFBC}") = "Edibles", "Edibles\Edibles.csproj", "{7A21372B-A544-454E-AEB6-C2BA71E30DB9}"
EndProject
Global
	GlobalSection(SolutionConfigurationPlatforms) = preSolution
		Debug|Any CPU = Debug|Any CPU
		Release|Any CPU = Release|Any CPU
	EndGlobalSection
	GlobalSection(ProjectConfigurationPlatforms) = postSolution
		{B595F7D8-C00D-467D-9A2C-68E03FCDF73D}.Debug|Any CPU.ActiveCfg = Debug|Any CPU
		{B595F7D8-C00D-467D-9A2C-68E03FCDF73D}.Debug|Any CPU.Build.0 = Debug|Any CPU
		{B595F7D8-C00D-467D-9A2C-68E03FCDF73D}.Release|Any CPU.ActiveCfg = Release|Any CPU
		{B595F7D8-C00D-467D-9A2C-68E03FCDF73D}.Release|Any CPU.Build.0 = Release|Any CPU
		{7A21372B-A544-454E-AEB6-C2BA71E30DB9}.Debug|Any CPU.ActiveCfg = Debug|Any CPU
		{7A21372B-A544-454E-AEB6-C2BA71E30DB9}.Debug|Any CPU.Build.0 = Debug|Any CPU
		{7A21372B-A544-454E-AEB6-C2BA71E30DB9}.Release|Any CPU.ActiveCfg = Release|Any CPU
		{7A21372B-A544-454E-AEB6-C2BA71E30DB9}.Release|Any CPU.Build.0 = Release|Any CPU
	EndGlobalSection
	GlobalSection(SolutionProperties) = preSolution
		HideSolutionNode = FALSE
	EndGlobalSection
	GlobalSection(ExtensibilityGlobals) = postSolution
		SolutionGuid = {DCA3F4FD-5AB6-4E9D-B7C1-917F0C0D0A97}
	EndGlobalSection
EndGlobal
